# This file is generated by running "yarn install" inside your project.
# Manual changes might be lost - proceed with caution!

__metadata:
  version: 6
  cacheKey: 8

"@socket.io/component-emitter@npm:~3.1.0":
  version: 3.1.2
  resolution: "@socket.io/component-emitter@npm:3.1.2"
  checksum: 89888f00699eb34e3070624eb7b8161fa29f064aeb1389a48f02195d55dd7c52a504e52160016859f6d6dffddd54324623cdd47fd34b3d46f9ed96c18c456edc
  languageName: node
  linkType: hard

"debug@npm:~4.3.1, debug@npm:~4.3.2":
  version: 4.3.7
  resolution: "debug@npm:4.3.7"
  dependencies:
    ms: ^2.1.3
  peerDependenciesMeta:
    supports-color:
      optional: true
  checksum: 822d74e209cd910ef0802d261b150314bbcf36c582ccdbb3e70f0894823c17e49a50d3e66d96b633524263975ca16b6a833f3e3b7e030c157169a5fabac63160
  languageName: node
  linkType: hard

"devsocket@workspace:.":
  version: 0.0.0-use.local
  resolution: "devsocket@workspace:."
  dependencies:
    dotenv: ^16.3.1
    readline: ^1.3.0
    socket.io-client: ^4.7.2
  languageName: unknown
  linkType: soft

"dotenv@npm:^16.3.1":
  version: 16.5.0
  resolution: "dotenv@npm:16.5.0"
  checksum: 6543fe87b5ddf2d60dd42df6616eec99148a5fc150cb4530fef5bda655db5204a3afa0e6f25f7cd64b20657ace4d79c0ef974bec32fdb462cad18754191e7a90
  languageName: node
  linkType: hard

"engine.io-client@npm:~6.6.1":
  version: 6.6.3
  resolution: "engine.io-client@npm:6.6.3"
  dependencies:
    "@socket.io/component-emitter": ~3.1.0
    debug: ~4.3.1
    engine.io-parser: ~5.2.1
    ws: ~8.17.1
    xmlhttprequest-ssl: ~2.1.1
  checksum: 90aee334e8c699ab471d4eebc360afa0d59f763f47fee7ba6eaaf0610819ae46025a5f2205908ef031e82915a0590c481655cc84e429e43afaf8b12617c21221
  languageName: node
  linkType: hard

"engine.io-parser@npm:~5.2.1":
  version: 5.2.3
  resolution: "engine.io-parser@npm:5.2.3"
  checksum: a76d998b794ce8bbcade833064d949715781fdb9e9cf9b33ecf617d16355ddfd7772f12bb63aaec0f497d63266c6db441129c5aa24c60582270f810c696a6cf8
  languageName: node
  linkType: hard

"ms@npm:^2.1.3":
  version: 2.1.3
  resolution: "ms@npm:2.1.3"
  checksum: aa92de608021b242401676e35cfa5aa42dd70cbdc082b916da7fb925c542173e36bce97ea3e804923fe92c0ad991434e4a38327e15a1b5b5f945d66df615ae6d
  languageName: node
  linkType: hard

"readline@npm:^1.3.0":
  version: 1.3.0
  resolution: "readline@npm:1.3.0"
  checksum: dfaf8e6ac20408ea00d650e95f7bb47f77c4c62dd12ed7fb51731ee84532a2f3675fcdc4cab4923dc1eef227520a2e082a093215190907758bea9f585b19438e
  languageName: node
  linkType: hard

"socket.io-client@npm:^4.7.2":
  version: 4.8.1
  resolution: "socket.io-client@npm:4.8.1"
  dependencies:
    "@socket.io/component-emitter": ~3.1.0
    debug: ~4.3.2
    engine.io-client: ~6.6.1
    socket.io-parser: ~4.2.4
  checksum: 0ac31d224c7a8567d95bb0522214cc0d3dfa1fbf6de38e63d9aa8e806526e27381d06a527d39e02f173199c48ad112737107148d2e60e1c48a6a8e15391dce8d
  languageName: node
  linkType: hard

"socket.io-parser@npm:~4.2.4":
  version: 4.2.4
  resolution: "socket.io-parser@npm:4.2.4"
  dependencies:
    "@socket.io/component-emitter": ~3.1.0
    debug: ~4.3.1
  checksum: 61540ef99af33e6a562b9effe0fad769bcb7ec6a301aba5a64b3a8bccb611a0abdbe25f469933ab80072582006a78ca136bf0ad8adff9c77c9953581285e2263
  languageName: node
  linkType: hard

"ws@npm:~8.17.1":
  version: 8.17.1
  resolution: "ws@npm:8.17.1"
  peerDependencies:
    bufferutil: ^4.0.1
    utf-8-validate: ">=5.0.2"
  peerDependenciesMeta:
    bufferutil:
      optional: true
    utf-8-validate:
      optional: true
  checksum: 442badcce1f1178ec87a0b5372ae2e9771e07c4929a3180321901f226127f252441e8689d765aa5cfba5f50ac60dd830954afc5aeae81609aefa11d3ddf5cecf
  languageName: node
  linkType: hard

"xmlhttprequest-ssl@npm:~2.1.1":
  version: 2.1.2
  resolution: "xmlhttprequest-ssl@npm:2.1.2"
  checksum: f8ecb894301dd024804669245888b3d5ceed2dfcdb4fddb0e38d811a07a2e3c227535f29b269eccf92005819457db3f270d2ff98df516abf95cfad1b9759512d
  languageName: node
  linkType: hard
